
Microsoft Visual Studio Solution File, Format Version 12.00
# Visual Studio Version 16
VisualStudioVersion = 16.0.31112.23
MinimumVisualStudioVersion = 10.0.40219.1
Project("{9A19103F-16F7-4668-BE54-9A1E7A4F7556}") = "Client", "Client\Client.csproj", "{AF6F2BD6-ABA6-4992-885D-AEBFABC71CDE}"
EndProject
Project("{2150E333-8FDC-42A3-9474-1A3956D46DE8}") = "Solution Items", "Solution Items", "{F516D7A4-DA15-45C2-A8CB-FC16B53A0D51}"
	ProjectSection(SolutionItems) = preProject
		UsersDB.sql = UsersDB.sql
	EndProjectSection
EndProject
Project("{9A19103F-16F7-4668-BE54-9A1E7A4F7556}") = "CommonLib", "CommonLib\CommonLib.csproj", "{8B2AD632-4726-4966-863C-D0E165FD0A52}"
EndProject
Project("{FAE04EC0-301F-11D3-BF4B-00C04F79EFBC}") = "Server", "Server\Server.csproj", "{92956D09-6DFA-4AD0-B0AF-CACDB0B3BBC8}"
EndProject
Global
	GlobalSection(SolutionConfigurationPlatforms) = preSolution
		Debug|Any CPU = Debug|Any CPU
		Release|Any CPU = Release|Any CPU
	EndGlobalSection
	GlobalSection(ProjectConfigurationPlatforms) = postSolution
		{AF6F2BD6-ABA6-4992-885D-AEBFABC71CDE}.Debug|Any CPU.ActiveCfg = Debug|Any CPU
		{AF6F2BD6-ABA6-4992-885D-AEBFABC71CDE}.Debug|Any CPU.Build.0 = Debug|Any CPU
		{AF6F2BD6-ABA6-4992-885D-AEBFABC71CDE}.Release|Any CPU.ActiveCfg = Release|Any CPU
		{AF6F2BD6-ABA6-4992-885D-AEBFABC71CDE}.Release|Any CPU.Build.0 = Release|Any CPU
		{8B2AD632-4726-4966-863C-D0E165FD0A52}.Debug|Any CPU.ActiveCfg = Debug|Any CPU
		{8B2AD632-4726-4966-863C-D0E165FD0A52}.Debug|Any CPU.Build.0 = Debug|Any CPU
		{8B2AD632-4726-4966-863C-D0E165FD0A52}.Release|Any CPU.ActiveCfg = Release|Any CPU
		{8B2AD632-4726-4966-863C-D0E165FD0A52}.Release|Any CPU.Build.0 = Release|Any CPU
		{92956D09-6DFA-4AD0-B0AF-CACDB0B3BBC8}.Debug|Any CPU.ActiveCfg = Debug|Any CPU
		{92956D09-6DFA-4AD0-B0AF-CACDB0B3BBC8}.Debug|Any CPU.Build.0 = Debug|Any CPU
		{92956D09-6DFA-4AD0-B0AF-CACDB0B3BBC8}.Release|Any CPU.ActiveCfg = Release|Any CPU
		{92956D09-6DFA-4AD0-B0AF-CACDB0B3BBC8}.Release|Any CPU.Build.0 = Release|Any CPU
	EndGlobalSection
	GlobalSection(SolutionProperties) = preSolution
		HideSolutionNode = FALSE
	EndGlobalSection
	GlobalSection(ExtensibilityGlobals) = postSolution
		SolutionGuid = {4FCC7CB5-8B58-4A44-AA6C-BAECC7E0E0C3}
	EndGlobalSection
EndGlobal
